
Microsoft Visual Studio Solution File, Format Version 12.00
# Visual Studio Version 17
VisualStudioVersion = 17.3.32825.248
MinimumVisualStudioVersion = 10.0.40219.1
Project("{FAE04EC0-301F-11D3-BF4B-00C04F79EFBC}") = "bt4_QLSV_singleton_designpattern", "bt4_QLSV_singleton_designpattern\bt4_QLSV_singleton_designpattern.csproj", "{BC66BE7E-9700-4278-9154-2F9BD82D7F86}"
EndProject
Global
	GlobalSection(SolutionConfigurationPlatforms) = preSolution
		Debug|Any CPU = Debug|Any CPU
		Release|Any CPU = Release|Any CPU
	EndGlobalSection
	GlobalSection(ProjectConfigurationPlatforms) = postSolution
		{BC66BE7E-9700-4278-9154-2F9BD82D7F86}.Debug|Any CPU.ActiveCfg = Debug|Any CPU
		{BC66BE7E-9700-4278-9154-2F9BD82D7F86}.Debug|Any CPU.Build.0 = Debug|Any CPU
		{BC66BE7E-9700-4278-9154-2F9BD82D7F86}.Release|Any CPU.ActiveCfg = Release|Any CPU
		{BC66BE7E-9700-4278-9154-2F9BD82D7F86}.Release|Any CPU.Build.0 = Release|Any CPU
	EndGlobalSection
	GlobalSection(SolutionProperties) = preSolution
		HideSolutionNode = FALSE
	EndGlobalSection
	GlobalSection(ExtensibilityGlobals) = postSolution
		SolutionGuid = {EF4E41D0-6266-4CF9-A7FB-0FE67C052FAD}
	EndGlobalSection
EndGlobal
